
Microsoft Visual Studio Solution File, Format Version 12.00
# Visual Studio Version 17
VisualStudioVersion = 17.7.34024.191
MinimumVisualStudioVersion = 10.0.40219.1
Project("{FAE04EC0-301F-11D3-BF4B-00C04F79EFBC}") = "Composicion", "Composicion\Composicion.csproj", "{A5D91216-BB26-4A5D-A31F-3ED2E48E7385}"
EndProject
Global
	GlobalSection(SolutionConfigurationPlatforms) = preSolution
		Debug|Any CPU = Debug|Any CPU
		Release|Any CPU = Release|Any CPU
	EndGlobalSection
	GlobalSection(ProjectConfigurationPlatforms) = postSolution
		{A5D91216-BB26-4A5D-A31F-3ED2E48E7385}.Debug|Any CPU.ActiveCfg = Debug|Any CPU
		{A5D91216-BB26-4A5D-A31F-3ED2E48E7385}.Debug|Any CPU.Build.0 = Debug|Any CPU
		{A5D91216-BB26-4A5D-A31F-3ED2E48E7385}.Release|Any CPU.ActiveCfg = Release|Any CPU
		{A5D91216-BB26-4A5D-A31F-3ED2E48E7385}.Release|Any CPU.Build.0 = Release|Any CPU
	EndGlobalSection
	GlobalSection(SolutionProperties) = preSolution
		HideSolutionNode = FALSE
	EndGlobalSection
	GlobalSection(ExtensibilityGlobals) = postSolution
		SolutionGuid = {F9DA534B-B395-41F2-895E-50C346433532}
	EndGlobalSection
EndGlobal
